// !$*UTF8*$!
{
	archiveVersion = 1;
	classes = {
	};
	objectVersion = 50;
	objects = {

/* Begin PBXBuildFile section */
		F56B3A7B226F58AD00E3F350 /* AppDelegate.swift in Sources */ = {isa = PBXBuildFile; fileRef = F56B3A7A226F58AD00E3F350 /* AppDelegate.swift */; };
		F56B3A80226F58AD00E3F350 /* Main.storyboard in Resources */ = {isa = PBXBuildFile; fileRef = F56B3A7E226F58AD00E3F350 /* Main.storyboard */; };
		F56B3A82226F58AF00E3F350 /* Assets.xcassets in Resources */ = {isa = PBXBuildFile; fileRef = F56B3A81226F58AF00E3F350 /* Assets.xcassets */; };
		F56B3A85226F58AF00E3F350 /* LaunchScreen.storyboard in Resources */ = {isa = PBXBuildFile; fileRef = F56B3A83226F58AF00E3F350 /* LaunchScreen.storyboard */; };
		F56B3A8F226F63AF00E3F350 /* NewsTableVC.swift in Sources */ = {isa = PBXBuildFile; fileRef = F56B3A8E226F63AF00E3F350 /* NewsTableVC.swift */; };
		F56B3A91226F63CD00E3F350 /* NewsTableViewCell.swift in Sources */ = {isa = PBXBuildFile; fileRef = F56B3A90226F63CD00E3F350 /* NewsTableViewCell.swift */; };
		F56B3A94226F663B00E3F350 /* NewsModel.swift in Sources */ = {isa = PBXBuildFile; fileRef = F56B3A93226F663B00E3F350 /* NewsModel.swift */; };
		F56B3A96226F66E000E3F350 /* NewsViewModel.swift in Sources */ = {isa = PBXBuildFile; fileRef = F56B3A95226F66E000E3F350 /* NewsViewModel.swift */; };
		F56B3A98226F9EB900E3F350 /* Extensions.swift in Sources */ = {isa = PBXBuildFile; fileRef = F56B3A97226F9EB900E3F350 /* Extensions.swift */; };
		F56B3A9C226FA3B700E3F350 /* CardNewsTableVC.swift in Sources */ = {isa = PBXBuildFile; fileRef = F56B3A9B226FA3B700E3F350 /* CardNewsTableVC.swift */; };
		F56B3A9E226FA3C700E3F350 /* CardNewsTableViewCell.swift in Sources */ = {isa = PBXBuildFile; fileRef = F56B3A9D226FA3C700E3F350 /* CardNewsTableViewCell.swift */; };
		F5EF13612294340F00116554 /* DataService.swift in Sources */ = {isa = PBXBuildFile; fileRef = F5EF13602294340F00116554 /* DataService.swift */; };
		F5EF13632294344A00116554 /* NewsTableVCPresenter.swift in Sources */ = {isa = PBXBuildFile; fileRef = F5EF13622294344A00116554 /* NewsTableVCPresenter.swift */; };
		F5EF1365229434FC00116554 /* NewsTableVCView.swift in Sources */ = {isa = PBXBuildFile; fileRef = F5EF1364229434FC00116554 /* NewsTableVCView.swift */; };
		F5EF136722943D9A00116554 /* CardNewsTableVCPresenter.swift in Sources */ = {isa = PBXBuildFile; fileRef = F5EF136622943D9A00116554 /* CardNewsTableVCPresenter.swift */; };
		F5EF136922943E5500116554 /* CardNewsView.swift in Sources */ = {isa = PBXBuildFile; fileRef = F5EF136822943E5500116554 /* CardNewsView.swift */; };
		F5EF136F229478EC00116554 /* Reachability.swift in Sources */ = {isa = PBXBuildFile; fileRef = F5EF136E229478EC00116554 /* Reachability.swift */; };
/* End PBXBuildFile section */

/* Begin PBXFileReference section */
		F56B3A77226F58AD00E3F350 /* API_TZ.app */ = {isa = PBXFileReference; explicitFileType = wrapper.application; includeInIndex = 0; path = API_TZ.app; sourceTree = BUILT_PRODUCTS_DIR; };
		F56B3A7A226F58AD00E3F350 /* AppDelegate.swift */ = {isa = PBXFileReference; lastKnownFileType = sourcecode.swift; path = AppDelegate.swift; sourceTree = "<group>"; };
		F56B3A7F226F58AD00E3F350 /* Base */ = {isa = PBXFileReference; lastKnownFileType = file.storyboard; name = Base; path = Base.lproj/Main.storyboard; sourceTree = "<group>"; };
		F56B3A81226F58AF00E3F350 /* Assets.xcassets */ = {isa = PBXFileReference; lastKnownFileType = folder.assetcatalog; path = Assets.xcassets; sourceTree = "<group>"; };
		F56B3A84226F58AF00E3F350 /* Base */ = {isa = PBXFileReference; lastKnownFileType = file.storyboard; name = Base; path = Base.lproj/LaunchScreen.storyboard; sourceTree = "<group>"; };
		F56B3A86226F58AF00E3F350 /* Info.plist */ = {isa = PBXFileReference; lastKnownFileType = text.plist.xml; path = Info.plist; sourceTree = "<group>"; };
		F56B3A8E226F63AF00E3F350 /* NewsTableVC.swift */ = {isa = PBXFileReference; lastKnownFileType = sourcecode.swift; path = NewsTableVC.swift; sourceTree = "<group>"; };
		F56B3A90226F63CD00E3F350 /* NewsTableViewCell.swift */ = {isa = PBXFileReference; lastKnownFileType = sourcecode.swift; path = NewsTableViewCell.swift; sourceTree = "<group>"; };
		F56B3A93226F663B00E3F350 /* NewsModel.swift */ = {isa = PBXFileReference; lastKnownFileType = sourcecode.swift; path = NewsModel.swift; sourceTree = "<group>"; };
		F56B3A95226F66E000E3F350 /* NewsViewModel.swift */ = {isa = PBXFileReference; lastKnownFileType = sourcecode.swift; path = NewsViewModel.swift; sourceTree = "<group>"; };
		F56B3A97226F9EB900E3F350 /* Extensions.swift */ = {isa = PBXFileReference; lastKnownFileType = sourcecode.swift; path = Extensions.swift; sourceTree = "<group>"; };
		F56B3A9B226FA3B700E3F350 /* CardNewsTableVC.swift */ = {isa = PBXFileReference; lastKnownFileType = sourcecode.swift; path = CardNewsTableVC.swift; sourceTree = "<group>"; };
		F56B3A9D226FA3C700E3F350 /* CardNewsTableViewCell.swift */ = {isa = PBXFileReference; lastKnownFileType = sourcecode.swift; path = CardNewsTableViewCell.swift; sourceTree = "<group>"; };
		F5EF13602294340F00116554 /* DataService.swift */ = {isa = PBXFileReference; lastKnownFileType = sourcecode.swift; path = DataService.swift; sourceTree = "<group>"; };
		F5EF13622294344A00116554 /* NewsTableVCPresenter.swift */ = {isa = PBXFileReference; lastKnownFileType = sourcecode.swift; path = NewsTableVCPresenter.swift; sourceTree = "<group>"; };
		F5EF1364229434FC00116554 /* NewsTableVCView.swift */ = {isa = PBXFileReference; lastKnownFileType = sourcecode.swift; path = NewsTableVCView.swift; sourceTree = "<group>"; };
		F5EF136622943D9A00116554 /* CardNewsTableVCPresenter.swift */ = {isa = PBXFileReference; lastKnownFileType = sourcecode.swift; path = CardNewsTableVCPresenter.swift; sourceTree = "<group>"; };
		F5EF136822943E5500116554 /* CardNewsView.swift */ = {isa = PBXFileReference; lastKnownFileType = sourcecode.swift; path = CardNewsView.swift; sourceTree = "<group>"; };
		F5EF136E229478EC00116554 /* Reachability.swift */ = {isa = PBXFileReference; lastKnownFileType = sourcecode.swift; path = Reachability.swift; sourceTree = "<group>"; };
/* End PBXFileReference section */

/* Begin PBXFrameworksBuildPhase section */
		F56B3A74226F58AD00E3F350 /* Frameworks */ = {
			isa = PBXFrameworksBuildPhase;
			buildActionMask = 2147483647;
			files = (
			);
			runOnlyForDeploymentPostprocessing = 0;
		};
/* End PBXFrameworksBuildPhase section */

/* Begin PBXGroup section */
		F56B3A6E226F58AD00E3F350 = {
			isa = PBXGroup;
			children = (
				F56B3A79226F58AD00E3F350 /* API_TZ */,
				F56B3A78226F58AD00E3F350 /* Products */,
			);
			sourceTree = "<group>";
		};
		F56B3A78226F58AD00E3F350 /* Products */ = {
			isa = PBXGroup;
			children = (
				F56B3A77226F58AD00E3F350 /* API_TZ.app */,
			);
			name = Products;
			sourceTree = "<group>";
		};
		F56B3A79226F58AD00E3F350 /* API_TZ */ = {
			isa = PBXGroup;
			children = (
				F56B3A7E226F58AD00E3F350 /* Main.storyboard */,
				F56B3A97226F9EB900E3F350 /* Extensions.swift */,
				F56B3A7A226F58AD00E3F350 /* AppDelegate.swift */,
				F5EF13602294340F00116554 /* DataService.swift */,
				F56B3A92226F63D800E3F350 /* News */,
				F5E209262270F710004D1C8C /* CardNews */,
				F5EF136B22943FEA00116554 /* Presenter */,
				F5EF136D22943FFD00116554 /* View */,
				F56B3A9A226FA39400E3F350 /* Models */,
				F56B3A81226F58AF00E3F350 /* Assets.xcassets */,
				F5EF136E229478EC00116554 /* Reachability.swift */,
				F56B3A83226F58AF00E3F350 /* LaunchScreen.storyboard */,
				F56B3A86226F58AF00E3F350 /* Info.plist */,
			);
			path = API_TZ;
			sourceTree = "<group>";
		};
		F56B3A92226F63D800E3F350 /* News */ = {
			isa = PBXGroup;
			children = (
				F56B3A8E226F63AF00E3F350 /* NewsTableVC.swift */,
				F56B3A90226F63CD00E3F350 /* NewsTableViewCell.swift */,
			);
			path = News;
			sourceTree = "<group>";
		};
		F56B3A9A226FA39400E3F350 /* Models */ = {
			isa = PBXGroup;
			children = (
				F56B3A93226F663B00E3F350 /* NewsModel.swift */,
				F56B3A95226F66E000E3F350 /* NewsViewModel.swift */,
			);
			path = Models;
			sourceTree = "<group>";
		};
		F5E209262270F710004D1C8C /* CardNews */ = {
			isa = PBXGroup;
			children = (
				F56B3A9B226FA3B700E3F350 /* CardNewsTableVC.swift */,
				F56B3A9D226FA3C700E3F350 /* CardNewsTableViewCell.swift */,
			);
			path = CardNews;
			sourceTree = "<group>";
		};
		F5EF136B22943FEA00116554 /* Presenter */ = {
			isa = PBXGroup;
			children = (
				F5EF13622294344A00116554 /* NewsTableVCPresenter.swift */,
				F5EF136622943D9A00116554 /* CardNewsTableVCPresenter.swift */,
			);
			path = Presenter;
			sourceTree = "<group>";
		};
		F5EF136D22943FFD00116554 /* View */ = {
			isa = PBXGroup;
			children = (
				F5EF1364229434FC00116554 /* NewsTableVCView.swift */,
				F5EF136822943E5500116554 /* CardNewsView.swift */,
			);
			path = View;
			sourceTree = "<group>";
		};
/* End PBXGroup section */

/* Begin PBXNativeTarget section */
		F56B3A76226F58AD00E3F350 /* API_TZ */ = {
			isa = PBXNativeTarget;
			buildConfigurationList = F56B3A89226F58AF00E3F350 /* Build configuration list for PBXNativeTarget "API_TZ" */;
			buildPhases = (
				F56B3A73226F58AD00E3F350 /* Sources */,
				F56B3A74226F58AD00E3F350 /* Frameworks */,
				F56B3A75226F58AD00E3F350 /* Resources */,
			);
			buildRules = (
			);
			dependencies = (
			);
			name = API_TZ;
			productName = API_TZ;
			productReference = F56B3A77226F58AD00E3F350 /* API_TZ.app */;
			productType = "com.apple.product-type.application";
		};
/* End PBXNativeTarget section */

/* Begin PBXProject section */
		F56B3A6F226F58AD00E3F350 /* Project object */ = {
			isa = PBXProject;
			attributes = {
				LastSwiftUpdateCheck = 1020;
				LastUpgradeCheck = 1020;
				ORGANIZATIONNAME = kaboo;
				TargetAttributes = {
					F56B3A76226F58AD00E3F350 = {
						CreatedOnToolsVersion = 10.2.1;
					};
				};
			};
			buildConfigurationList = F56B3A72226F58AD00E3F350 /* Build configuration list for PBXProject "API_TZ" */;
			compatibilityVersion = "Xcode 9.3";
			developmentRegion = en;
			hasScannedForEncodings = 0;
			knownRegions = (
				en,
				Base,
			);
			mainGroup = F56B3A6E226F58AD00E3F350;
			productRefGroup = F56B3A78226F58AD00E3F350 /* Products */;
			projectDirPath = "";
			projectRoot = "";
			targets = (
				F56B3A76226F58AD00E3F350 /* API_TZ */,
			);
		};
/* End PBXProject section */

/* Begin PBXResourcesBuildPhase section */
		F56B3A75226F58AD00E3F350 /* Resources */ = {
			isa = PBXResourcesBuildPhase;
			buildActionMask = 2147483647;
			files = (
				F56B3A85226F58AF00E3F350 /* LaunchScreen.storyboard in Resources */,
				F56B3A82226F58AF00E3F350 /* Assets.xcassets in Resources */,
				F56B3A80226F58AD00E3F350 /* Main.storyboard in Resources */,
			);
			runOnlyForDeploymentPostprocessing = 0;
		};
/* End PBXResourcesBuildPhase section */

/* Begin PBXSourcesBuildPhase section */
		F56B3A73226F58AD00E3F350 /* Sources */ = {
			isa = PBXSourcesBuildPhase;
			buildActionMask = 2147483647;
			files = (
				F5EF136F229478EC00116554 /* Reachability.swift in Sources */,
				F56B3A9C226FA3B700E3F350 /* CardNewsTableVC.swift in Sources */,
				F5EF1365229434FC00116554 /* NewsTableVCView.swift in Sources */,
				F56B3A9E226FA3C700E3F350 /* CardNewsTableViewCell.swift in Sources */,
				F56B3A96226F66E000E3F350 /* NewsViewModel.swift in Sources */,
				F56B3A91226F63CD00E3F350 /* NewsTableViewCell.swift in Sources */,
				F5EF13632294344A00116554 /* NewsTableVCPresenter.swift in Sources */,
				F56B3A8F226F63AF00E3F350 /* NewsTableVC.swift in Sources */,
				F5EF136722943D9A00116554 /* CardNewsTableVCPresenter.swift in Sources */,
				F56B3A7B226F58AD00E3F350 /* AppDelegate.swift in Sources */,
				F5EF13612294340F00116554 /* DataService.swift in Sources */,
				F56B3A94226F663B00E3F350 /* NewsModel.swift in Sources */,
				F56B3A98226F9EB900E3F350 /* Extensions.swift in Sources */,
				F5EF136922943E5500116554 /* CardNewsView.swift in Sources */,
			);
			runOnlyForDeploymentPostprocessing = 0;
		};
/* End PBXSourcesBuildPhase section */

/* Begin PBXVariantGroup section */
		F56B3A7E226F58AD00E3F350 /* Main.storyboard */ = {
			isa = PBXVariantGroup;
			children = (
				F56B3A7F226F58AD00E3F350 /* Base */,
			);
			name = Main.storyboard;
			sourceTree = "<group>";
		};
		F56B3A83226F58AF00E3F350 /* LaunchScreen.storyboard */ = {
			isa = PBXVariantGroup;
			children = (
				F56B3A84226F58AF00E3F350 /* Base */,
			);
			name = LaunchScreen.storyboard;
			sourceTree = "<group>";
		};
/* End PBXVariantGroup section */

/* Begin XCBuildConfiguration section */
		F56B3A87226F58AF00E3F350 /* Debug */ = {
			isa = XCBuildConfiguration;
			buildSettings = {
				ALWAYS_SEARCH_USER_PATHS = NO;
				CLANG_ANALYZER_NONNULL = YES;
				CLANG_ANALYZER_NUMBER_OBJECT_CONVERSION = YES_AGGRESSIVE;
				CLANG_CXX_LANGUAGE_STANDARD = "gnu++14";
				CLANG_CXX_LIBRARY = "libc++";
				CLANG_ENABLE_MODULES = YES;
				CLANG_ENABLE_OBJC_ARC = YES;
				CLANG_ENABLE_OBJC_WEAK = YES;
				CLANG_WARN_BLOCK_CAPTURE_AUTORELEASING = YES;
				CLANG_WARN_BOOL_CONVERSION = YES;
				CLANG_WARN_COMMA = YES;
				CLANG_WARN_CONSTANT_CONVERSION = YES;
				CLANG_WARN_DEPRECATED_OBJC_IMPLEMENTATIONS = YES;
				CLANG_WARN_DIRECT_OBJC_ISA_USAGE = YES_ERROR;
				CLANG_WARN_DOCUMENTATION_COMMENTS = YES;
				CLANG_WARN_EMPTY_BODY = YES;
				CLANG_WARN_ENUM_CONVERSION = YES;
				CLANG_WARN_INFINITE_RECURSION = YES;
				CLANG_WARN_INT_CONVERSION = YES;
				CLANG_WARN_NON_LITERAL_NULL_CONVERSION = YES;
				CLANG_WARN_OBJC_IMPLICIT_RETAIN_SELF = YES;
				CLANG_WARN_OBJC_LITERAL_CONVERSION = YES;
				CLANG_WARN_OBJC_ROOT_CLASS = YES_ERROR;
				CLANG_WARN_RANGE_LOOP_ANALYSIS = YES;
				CLANG_WARN_STRICT_PROTOTYPES = YES;
				CLANG_WARN_SUSPICIOUS_MOVE = YES;
				CLANG_WARN_UNGUARDED_AVAILABILITY = YES_AGGRESSIVE;
				CLANG_WARN_UNREACHABLE_CODE = YES;
				CLANG_WARN__DUPLICATE_METHOD_MATCH = YES;
				CODE_SIGN_IDENTITY = "iPhone Developer";
				COPY_PHASE_STRIP = NO;
				DEBUG_INFORMATION_FORMAT = dwarf;
				ENABLE_STRICT_OBJC_MSGSEND = YES;
				ENABLE_TESTABILITY = YES;
				GCC_C_LANGUAGE_STANDARD = gnu11;
				GCC_DYNAMIC_NO_PIC = NO;
				GCC_NO_COMMON_BLOCKS = YES;
				GCC_OPTIMIZATION_LEVEL = 0;
				GCC_PREPROCESSOR_DEFINITIONS = (
					"DEBUG=1",
					"$(inherited)",
				);
				GCC_WARN_64_TO_32_BIT_CONVERSION = YES;
				GCC_WARN_ABOUT_RETURN_TYPE = YES_ERROR;
				GCC_WARN_UNDECLARED_SELECTOR = YES;
				GCC_WARN_UNINITIALIZED_AUTOS = YES_AGGRESSIVE;
				GCC_WARN_UNUSED_FUNCTION = YES;
				GCC_WARN_UNUSED_VARIABLE = YES;
				IPHONEOS_DEPLOYMENT_TARGET = 12.2;
				MTL_ENABLE_DEBUG_INFO = INCLUDE_SOURCE;
				MTL_FAST_MATH = YES;
				ONLY_ACTIVE_ARCH = YES;
				SDKROOT = iphoneos;
				SWIFT_ACTIVE_COMPILATION_CONDITIONS = DEBUG;
				SWIFT_OPTIMIZATION_LEVEL = "-Onone";
			};
			name = Debug;
		};
		F56B3A88226F58AF00E3F350 /* Release */ = {
			isa = XCBuildConfiguration;
			buildSettings = {
				ALWAYS_SEARCH_USER_PATHS = NO;
				CLANG_ANALYZER_NONNULL = YES;
				CLANG_ANALYZER_NUMBER_OBJECT_CONVERSION = YES_AGGRESSIVE;
				CLANG_CXX_LANGUAGE_STANDARD = "gnu++14";
				CLANG_CXX_LIBRARY = "libc++";
				CLANG_ENABLE_MODULES = YES;
				CLANG_ENABLE_OBJC_ARC = YES;
				CLANG_ENABLE_OBJC_WEAK = YES;
				CLANG_WARN_BLOCK_CAPTURE_AUTORELEASING = YES;
				CLANG_WARN_BOOL_CONVERSION = YES;
				CLANG_WARN_COMMA = YES;
				CLANG_WARN_CONSTANT_CONVERSION = YES;
				CLANG_WARN_DEPRECATED_OBJC_IMPLEMENTATIONS = YES;
				CLANG_WARN_DIRECT_OBJC_ISA_USAGE = YES_ERROR;
				CLANG_WARN_DOCUMENTATION_COMMENTS = YES;
				CLANG_WARN_EMPTY_BODY = YES;
				CLANG_WARN_ENUM_CONVERSION = YES;
				CLANG_WARN_INFINITE_RECURSION = YES;
				CLANG_WARN_INT_CONVERSION = YES;
				CLANG_WARN_NON_LITERAL_NULL_CONVERSION = YES;
				CLANG_WARN_OBJC_IMPLICIT_RETAIN_SELF = YES;
				CLANG_WARN_OBJC_LITERAL_CONVERSION = YES;
				CLANG_WARN_OBJC_ROOT_CLASS = YES_ERROR;
				CLANG_WARN_RANGE_LOOP_ANALYSIS = YES;
				CLANG_WARN_STRICT_PROTOTYPES = YES;
				CLANG_WARN_SUSPICIOUS_MOVE = YES;
				CLANG_WARN_UNGUARDED_AVAILABILITY = YES_AGGRESSIVE;
				CLANG_WARN_UNREACHABLE_CODE = YES;
				CLANG_WARN__DUPLICATE_METHOD_MATCH = YES;
				CODE_SIGN_IDENTITY = "iPhone Developer";
				COPY_PHASE_STRIP = NO;
				DEBUG_INFORMATION_FORMAT = "dwarf-with-dsym";
				ENABLE_NS_ASSERTIONS = NO;
				ENABLE_STRICT_OBJC_MSGSEND = YES;
				GCC_C_LANGUAGE_STANDARD = gnu11;
				GCC_NO_COMMON_BLOCKS = YES;
				GCC_WARN_64_TO_32_BIT_CONVERSION = YES;
				GCC_WARN_ABOUT_RETURN_TYPE = YES_ERROR;
				GCC_WARN_UNDECLARED_SELECTOR = YES;
				GCC_WARN_UNINITIALIZED_AUTOS = YES_AGGRESSIVE;
				GCC_WARN_UNUSED_FUNCTION = YES;
				GCC_WARN_UNUSED_VARIABLE = YES;
				IPHONEOS_DEPLOYMENT_TARGET = 12.2;
				MTL_ENABLE_DEBUG_INFO = NO;
				MTL_FAST_MATH = YES;
				SDKROOT = iphoneos;
				SWIFT_COMPILATION_MODE = wholemodule;
				SWIFT_OPTIMIZATION_LEVEL = "-O";
				VALIDATE_PRODUCT = YES;
			};
			name = Release;
		};
		F56B3A8A226F58AF00E3F350 /* Debug */ = {
			isa = XCBuildConfiguration;
			buildSettings = {
				ASSETCATALOG_COMPILER_APPICON_NAME = AppIcon;
				CODE_SIGN_STYLE = Automatic;
				DEVELOPMENT_TEAM = 38HMF5H9UT;
				INFOPLIST_FILE = API_TZ/Info.plist;
				LD_RUNPATH_SEARCH_PATHS = (
					"$(inherited)",
					"@executable_path/Frameworks",
				);
				PRODUCT_BUNDLE_IDENTIFIER = "kaboo.API-TZ";
				PRODUCT_NAME = "$(TARGET_NAME)";
				SWIFT_VERSION = 5.0;
				TARGETED_DEVICE_FAMILY = "1,2";
			};
			name = Debug;
		};
		F56B3A8B226F58AF00E3F350 /* Release */ = {
			isa = XCBuildConfiguration;
			buildSettings = {
				ASSETCATALOG_COMPILER_APPICON_NAME = AppIcon;
				CODE_SIGN_STYLE = Automatic;
				DEVELOPMENT_TEAM = 38HMF5H9UT;
				INFOPLIST_FILE = API_TZ/Info.plist;
				LD_RUNPATH_SEARCH_PATHS = (
					"$(inherited)",
					"@executable_path/Frameworks",
				);
				PRODUCT_BUNDLE_IDENTIFIER = "kaboo.API-TZ";
				PRODUCT_NAME = "$(TARGET_NAME)";
				SWIFT_VERSION = 5.0;
				TARGETED_DEVICE_FAMILY = "1,2";
			};
			name = Release;
		};
/* End XCBuildConfiguration section */

/* Begin XCConfigurationList section */
		F56B3A72226F58AD00E3F350 /* Build configuration list for PBXProject "API_TZ" */ = {
			isa = XCConfigurationList;
			buildConfigurations = (
				F56B3A87226F58AF00E3F350 /* Debug */,
				F56B3A88226F58AF00E3F350 /* Release */,
			);
			defaultConfigurationIsVisible = 0;
			defaultConfigurationName = Release;
		};
		F56B3A89226F58AF00E3F350 /* Build configuration list for PBXNativeTarget "API_TZ" */ = {
			isa = XCConfigurationList;
			buildConfigurations = (
				F56B3A8A226F58AF00E3F350 /* Debug */,
				F56B3A8B226F58AF00E3F350 /* Release */,
			);
			defaultConfigurationIsVisible = 0;
			defaultConfigurationName = Release;
		};
/* End XCConfigurationList section */
	};
	rootObject = F56B3A6F226F58AD00E3F350 /* Project object */;
}
